
Microsoft Visual Studio Solution File, Format Version 12.00
# Visual Studio Version 17
VisualStudioVersion = 17.11.35312.102
MinimumVisualStudioVersion = 10.0.40219.1
Project("{FAE04EC0-301F-11D3-BF4B-00C04F79EFBC}") = "Task#6_ArrayList", "Task#6_ArrayList.csproj", "{59729CCF-5F41-4B0F-B66C-972B8137C319}"
EndProject
Global
	GlobalSection(SolutionConfigurationPlatforms) = preSolution
		Debug|Any CPU = Debug|Any CPU
		Release|Any CPU = Release|Any CPU
	EndGlobalSection
	GlobalSection(ProjectConfigurationPlatforms) = postSolution
		{59729CCF-5F41-4B0F-B66C-972B8137C319}.Debug|Any CPU.ActiveCfg = Debug|Any CPU
		{59729CCF-5F41-4B0F-B66C-972B8137C319}.Debug|Any CPU.Build.0 = Debug|Any CPU
		{59729CCF-5F41-4B0F-B66C-972B8137C319}.Release|Any CPU.ActiveCfg = Release|Any CPU
		{59729CCF-5F41-4B0F-B66C-972B8137C319}.Release|Any CPU.Build.0 = Release|Any CPU
	EndGlobalSection
	GlobalSection(SolutionProperties) = preSolution
		HideSolutionNode = FALSE
	EndGlobalSection
	GlobalSection(ExtensibilityGlobals) = postSolution
		SolutionGuid = {A46D9948-0625-4718-9FCB-D985282BD0D1}
	EndGlobalSection
EndGlobal
