
Microsoft Visual Studio Solution File, Format Version 12.00
# Visual Studio Version 17
VisualStudioVersion = 17.11.35312.102
MinimumVisualStudioVersion = 10.0.40219.1
Project("{FAE04EC0-301F-11D3-BF4B-00C04F79EFBC}") = "DynamicCalculator", "DynamicCalculator.csproj", "{FD2ABB10-376A-49D9-BAD3-C476B84E2F1A}"
EndProject
Global
	GlobalSection(SolutionConfigurationPlatforms) = preSolution
		Debug|Any CPU = Debug|Any CPU
		Release|Any CPU = Release|Any CPU
	EndGlobalSection
	GlobalSection(ProjectConfigurationPlatforms) = postSolution
		{FD2ABB10-376A-49D9-BAD3-C476B84E2F1A}.Debug|Any CPU.ActiveCfg = Debug|Any CPU
		{FD2ABB10-376A-49D9-BAD3-C476B84E2F1A}.Debug|Any CPU.Build.0 = Debug|Any CPU
		{FD2ABB10-376A-49D9-BAD3-C476B84E2F1A}.Release|Any CPU.ActiveCfg = Release|Any CPU
		{FD2ABB10-376A-49D9-BAD3-C476B84E2F1A}.Release|Any CPU.Build.0 = Release|Any CPU
	EndGlobalSection
	GlobalSection(SolutionProperties) = preSolution
		HideSolutionNode = FALSE
	EndGlobalSection
	GlobalSection(ExtensibilityGlobals) = postSolution
		SolutionGuid = {F8860F92-DE8C-4709-B6E0-6C39A12627D2}
	EndGlobalSection
EndGlobal
