
Microsoft Visual Studio Solution File, Format Version 12.00
# Visual Studio Version 17
VisualStudioVersion = 17.11.35312.102
MinimumVisualStudioVersion = 10.0.40219.1
Project("{FAE04EC0-301F-11D3-BF4B-00C04F79EFBC}") = "MyClass__MyStruct_task", "MyClass__MyStruct_task.csproj", "{F19A7096-917D-462E-A658-64CAE82DC61F}"
EndProject
Global
	GlobalSection(SolutionConfigurationPlatforms) = preSolution
		Debug|Any CPU = Debug|Any CPU
		Release|Any CPU = Release|Any CPU
	EndGlobalSection
	GlobalSection(ProjectConfigurationPlatforms) = postSolution
		{F19A7096-917D-462E-A658-64CAE82DC61F}.Debug|Any CPU.ActiveCfg = Debug|Any CPU
		{F19A7096-917D-462E-A658-64CAE82DC61F}.Debug|Any CPU.Build.0 = Debug|Any CPU
		{F19A7096-917D-462E-A658-64CAE82DC61F}.Release|Any CPU.ActiveCfg = Release|Any CPU
		{F19A7096-917D-462E-A658-64CAE82DC61F}.Release|Any CPU.Build.0 = Release|Any CPU
	EndGlobalSection
	GlobalSection(SolutionProperties) = preSolution
		HideSolutionNode = FALSE
	EndGlobalSection
	GlobalSection(ExtensibilityGlobals) = postSolution
		SolutionGuid = {37E0324C-824D-4490-AA2F-D8051242E67C}
	EndGlobalSection
EndGlobal
